{
  "name": "hwk2-payment-systems",
  "version": "1.0.0",
  "lockfileVersion": 2,
  "requires": true,
  "packages": {
    "": {
      "name": "hwk2-payment-systems",
      "version": "1.0.0",
      "license": "ISC",
      "dependencies": {
        "@types/node": "^6.0.58",
        "@types/readline-sync": "^1.4.3",
        "readline-sync": "^1.4.5"
      }
    },
    "node_modules/@types/node": {
      "version": "6.14.12",
      "resolved": "https://registry.npmjs.org/@types/node/-/node-6.14.12.tgz",
      "integrity": "sha512-7iPCCv/SOqeGvz3CcBBnhG+3vBMntO3SMVcyUHmrJq6Lzdbi4dtSxk3JkIUm+JDGnT26mtxlNQHmTKlvDnjFwg=="
    },
    "node_modules/@types/readline-sync": {
      "version": "1.4.3",
      "resolved": "https://registry.npmjs.org/@types/readline-sync/-/readline-sync-1.4.3.tgz",
      "integrity": "sha512-YP9NVli96E+qQLAF2db+VjnAUEeZcFVg4YnMgr8kpDUFwQBnj31rPLOVHmazbKQhaIkJ9cMHsZhpKdzUeL0KTg=="
    },
    "node_modules/readline-sync": {
      "version": "1.4.10",
      "resolved": "https://registry.npmjs.org/readline-sync/-/readline-sync-1.4.10.tgz",
      "integrity": "sha512-gNva8/6UAe8QYepIQH/jQ2qn91Qj0B9sYjMBBs3QOB8F2CXcKgLxQaJRP76sWVRQt+QU+8fAkCbCvjjMFu7Ycw==",
      "engines": {
        "node": ">= 0.8.0"
      }
    }
  },
  "dependencies": {
    "@types/node": {
      "version": "6.14.12",
      "resolved": "https://registry.npmjs.org/@types/node/-/node-6.14.12.tgz",
      "integrity": "sha512-7iPCCv/SOqeGvz3CcBBnhG+3vBMntO3SMVcyUHmrJq6Lzdbi4dtSxk3JkIUm+JDGnT26mtxlNQHmTKlvDnjFwg=="
    },
    "@types/readline-sync": {
      "version": "1.4.3",
      "resolved": "https://registry.npmjs.org/@types/readline-sync/-/readline-sync-1.4.3.tgz",
      "integrity": "sha512-YP9NVli96E+qQLAF2db+VjnAUEeZcFVg4YnMgr8kpDUFwQBnj31rPLOVHmazbKQhaIkJ9cMHsZhpKdzUeL0KTg=="
    },
    "readline-sync": {
      "version": "1.4.10",
      "resolved": "https://registry.npmjs.org/readline-sync/-/readline-sync-1.4.10.tgz",
      "integrity": "sha512-gNva8/6UAe8QYepIQH/jQ2qn91Qj0B9sYjMBBs3QOB8F2CXcKgLxQaJRP76sWVRQt+QU+8fAkCbCvjjMFu7Ycw=="
    }
  }
}
